
Microsoft Visual Studio Solution File, Format Version 12.00
# Visual Studio Version 16
VisualStudioVersion = 16.0.30011.22
MinimumVisualStudioVersion = 10.0.40219.1
Project("{9A19103F-16F7-4668-BE54-9A1E7A4F7556}") = "DocsRESt", "DocsRESt\DocsRESt.csproj", "{3D4506A3-FEA7-425E-884A-DABE0E374CC1}"
EndProject
Project("{9A19103F-16F7-4668-BE54-9A1E7A4F7556}") = "Docs.Models", "Docs.Models\Docs.Models.csproj", "{F9A73DFE-FF84-4DE2-99F8-5E25F515EC80}"
EndProject
Project("{FAE04EC0-301F-11D3-BF4B-00C04F79EFBC}") = "DocsBlazor", "DocsBlazor\DocsBlazor.csproj", "{3972AD39-5C45-4D45-AA8B-C3CC16295B56}"
EndProject
Global
	GlobalSection(SolutionConfigurationPlatforms) = preSolution
		Debug|Any CPU = Debug|Any CPU
		Release|Any CPU = Release|Any CPU
	EndGlobalSection
	GlobalSection(ProjectConfigurationPlatforms) = postSolution
		{3D4506A3-FEA7-425E-884A-DABE0E374CC1}.Debug|Any CPU.ActiveCfg = Debug|Any CPU
		{3D4506A3-FEA7-425E-884A-DABE0E374CC1}.Debug|Any CPU.Build.0 = Debug|Any CPU
		{3D4506A3-FEA7-425E-884A-DABE0E374CC1}.Release|Any CPU.ActiveCfg = Release|Any CPU
		{3D4506A3-FEA7-425E-884A-DABE0E374CC1}.Release|Any CPU.Build.0 = Release|Any CPU
		{F9A73DFE-FF84-4DE2-99F8-5E25F515EC80}.Debug|Any CPU.ActiveCfg = Debug|Any CPU
		{F9A73DFE-FF84-4DE2-99F8-5E25F515EC80}.Debug|Any CPU.Build.0 = Debug|Any CPU
		{F9A73DFE-FF84-4DE2-99F8-5E25F515EC80}.Release|Any CPU.ActiveCfg = Release|Any CPU
		{F9A73DFE-FF84-4DE2-99F8-5E25F515EC80}.Release|Any CPU.Build.0 = Release|Any CPU
		{3972AD39-5C45-4D45-AA8B-C3CC16295B56}.Debug|Any CPU.ActiveCfg = Debug|Any CPU
		{3972AD39-5C45-4D45-AA8B-C3CC16295B56}.Debug|Any CPU.Build.0 = Debug|Any CPU
		{3972AD39-5C45-4D45-AA8B-C3CC16295B56}.Release|Any CPU.ActiveCfg = Release|Any CPU
		{3972AD39-5C45-4D45-AA8B-C3CC16295B56}.Release|Any CPU.Build.0 = Release|Any CPU
	EndGlobalSection
	GlobalSection(SolutionProperties) = preSolution
		HideSolutionNode = FALSE
	EndGlobalSection
	GlobalSection(ExtensibilityGlobals) = postSolution
		SolutionGuid = {A401F238-20CC-4E92-B3F0-C1E66F831238}
	EndGlobalSection
EndGlobal
